
Microsoft Visual Studio Solution File, Format Version 12.00
# Visual Studio Version 17
VisualStudioVersion = 17.4.33205.214
MinimumVisualStudioVersion = 10.0.40219.1
Project("{2150E333-8FDC-42A3-9474-1A3956D46DE8}") = "IDataProtectionProvider", "IDataProtectionProvider", "{CAD4C72A-B164-4D2F-8E28-AD645A4AFAA1}"
EndProject
Project("{9A19103F-16F7-4668-BE54-9A1E7A4F7556}") = "MockupApplication", "MockupApplication\MockupApplication.csproj", "{5F1754E6-DD6A-431E-B0E2-6AC0CB2EC7AB}"
EndProject
Project("{9A19103F-16F7-4668-BE54-9A1E7A4F7556}") = "WorkingWithTempData", "WorkingWithTempData\WorkingWithTempData.csproj", "{C46428F7-8336-4CE2-94B0-196A9554680F}"
EndProject
Project("{9A19103F-16F7-4668-BE54-9A1E7A4F7556}") = "RazorLibrary", "RazorLibrary\RazorLibrary.csproj", "{21D1C542-15C2-4AEB-BA12-0CF5AC521F59}"
EndProject
Project("{2150E333-8FDC-42A3-9474-1A3956D46DE8}") = "Class projects", "Class projects", "{EBD01A29-67C5-43AB-A25C-3C8B562589F2}"
EndProject
Project("{2150E333-8FDC-42A3-9474-1A3956D46DE8}") = "TempData", "TempData", "{E81E7454-D6AB-497A-9554-1FFB5D175EC7}"
EndProject
Project("{2150E333-8FDC-42A3-9474-1A3956D46DE8}") = "Solution Items", "Solution Items", "{33597EFE-B8FB-4A07-8019-66AAF73ABD7A}"
	ProjectSection(SolutionItems) = preProject
		readme.md = readme.md
		stash.txt = stash.txt
	EndProjectSection
EndProject
Project("{2150E333-8FDC-42A3-9474-1A3956D46DE8}") = "CSS Isolation", "CSS Isolation", "{C8E66BE5-17CA-4FCD-B875-131C8B9B024C}"
EndProject
Project("{9A19103F-16F7-4668-BE54-9A1E7A4F7556}") = "IsolationWebApp", "IsolationWebApp\IsolationWebApp.csproj", "{B91A860D-23F5-4E92-B4A5-13BF4589CB66}"
EndProject
Project("{2150E333-8FDC-42A3-9474-1A3956D46DE8}") = "Environments", "Environments", "{750BBF62-991B-4960-B3C8-253F281B3EBB}"
EndProject
Project("{9A19103F-16F7-4668-BE54-9A1E7A4F7556}") = "EnvironmentApplication", "EnvionmentSample\EnvironmentApplication.csproj", "{92A4B277-B5EC-4776-BCE7-CFE126354FE9}"
EndProject
Project("{2150E333-8FDC-42A3-9474-1A3956D46DE8}") = "Configurations", "Configurations", "{35F2FE43-7780-46B9-A76E-2B44F6417BCE}"
EndProject
Project("{9A19103F-16F7-4668-BE54-9A1E7A4F7556}") = "Revenue.Configuration.Core1", "Revenue.Configuration.Core1\Revenue.Configuration.Core1.csproj", "{A9FB427A-00CF-46A4-87B4-4B57F8BCD292}"
EndProject
Project("{9A19103F-16F7-4668-BE54-9A1E7A4F7556}") = "RevenueFrontEnd", "RevenueFrontend\RevenueFrontEnd.csproj", "{22DC4E9B-4436-48B8-87A0-24F95BFBB2BB}"
EndProject
Project("{2150E333-8FDC-42A3-9474-1A3956D46DE8}") = "Project Templates", "Project Templates", "{B856179F-DD44-400C-8E1B-B9BAAC8252DA}"
EndProject
Project("{9A19103F-16F7-4668-BE54-9A1E7A4F7556}") = "KP_RazorPagesEntityFramework", "KP_RazorPagesEntityFramework\KP_RazorPagesEntityFramework.csproj", "{045142CC-BBE8-44BD-89B2-26D303560B7E}"
EndProject
Project("{2150E333-8FDC-42A3-9474-1A3956D46DE8}") = "Ajax", "Ajax", "{7912C69E-36C5-4077-9AF4-5E3A1B9B37E3}"
EndProject
Project("{9A19103F-16F7-4668-BE54-9A1E7A4F7556}") = "RazorPagesAJAXNamedHandlersDemo", "RazorPagesAJAXNamedHandlersDemo\RazorPagesAJAXNamedHandlersDemo.csproj", "{E2431C92-C9B6-4F7B-BEBD-ECACEC7D40A1}"
EndProject
Project("{2150E333-8FDC-42A3-9474-1A3956D46DE8}") = "Forms", "Forms", "{524C05E5-BF80-4F78-B5C3-316C9B9D9BD9}"
EndProject
Project("{9A19103F-16F7-4668-BE54-9A1E7A4F7556}") = "MultipleSubmitButtons1", "MutilpleSubmitButtons1\MultipleSubmitButtons1.csproj", "{E99D85D5-4A75-48C6-81F3-63F0925C6D53}"
EndProject
Project("{9A19103F-16F7-4668-BE54-9A1E7A4F7556}") = "MultipleSubmitButtons2", "MutilpleSubmitButtons2\MultipleSubmitButtons2.csproj", "{9F82A842-6E26-4D3D-B38F-2A52F33C2CD2}"
EndProject
Project("{2150E333-8FDC-42A3-9474-1A3956D46DE8}") = "Serilog projects", "Serilog projects", "{92E7DDDF-E955-4C6A-9407-921B710EC0D7}"
EndProject
Project("{9A19103F-16F7-4668-BE54-9A1E7A4F7556}") = "SerilogCustomLogColors", "SerilogCustomLogColors\SerilogCustomLogColors.csproj", "{7FE6B7B1-1EDB-4237-983B-E6743A48C9B8}"
EndProject
Project("{9A19103F-16F7-4668-BE54-9A1E7A4F7556}") = "SeriLogLibrary", "SeriLogLibrary\SeriLogLibrary.csproj", "{79390363-0A87-4792-803E-A00DBA5CA7F0}"
EndProject
Project("{2150E333-8FDC-42A3-9474-1A3956D46DE8}") = "404 projects", "404 projects", "{C8226B10-62EC-488F-8B3B-A16131258F46}"
EndProject
Project("{9A19103F-16F7-4668-BE54-9A1E7A4F7556}") = "Custom404Page", "Custom404Page\Custom404Page.csproj", "{DE5C38BE-9EC5-4FFC-8D64-AA301463EB3E}"
EndProject
Project("{2150E333-8FDC-42A3-9474-1A3956D46DE8}") = "General", "General", "{9861530D-DC4F-4497-B314-9D4460E7877F}"
EndProject
Project("{FAE04EC0-301F-11D3-BF4B-00C04F79EFBC}") = "WritingToScreen", "WritingToScreen\WritingToScreen.csproj", "{BA6EC7D8-3227-4C0E-9976-C6C62A0A43C7}"
EndProject
Global
	GlobalSection(SolutionConfigurationPlatforms) = preSolution
		Debug|Any CPU = Debug|Any CPU
		Release|Any CPU = Release|Any CPU
	EndGlobalSection
	GlobalSection(ProjectConfigurationPlatforms) = postSolution
		{5F1754E6-DD6A-431E-B0E2-6AC0CB2EC7AB}.Debug|Any CPU.ActiveCfg = Debug|Any CPU
		{5F1754E6-DD6A-431E-B0E2-6AC0CB2EC7AB}.Debug|Any CPU.Build.0 = Debug|Any CPU
		{5F1754E6-DD6A-431E-B0E2-6AC0CB2EC7AB}.Release|Any CPU.ActiveCfg = Release|Any CPU
		{5F1754E6-DD6A-431E-B0E2-6AC0CB2EC7AB}.Release|Any CPU.Build.0 = Release|Any CPU
		{C46428F7-8336-4CE2-94B0-196A9554680F}.Debug|Any CPU.ActiveCfg = Debug|Any CPU
		{C46428F7-8336-4CE2-94B0-196A9554680F}.Debug|Any CPU.Build.0 = Debug|Any CPU
		{C46428F7-8336-4CE2-94B0-196A9554680F}.Release|Any CPU.ActiveCfg = Release|Any CPU
		{C46428F7-8336-4CE2-94B0-196A9554680F}.Release|Any CPU.Build.0 = Release|Any CPU
		{21D1C542-15C2-4AEB-BA12-0CF5AC521F59}.Debug|Any CPU.ActiveCfg = Debug|Any CPU
		{21D1C542-15C2-4AEB-BA12-0CF5AC521F59}.Debug|Any CPU.Build.0 = Debug|Any CPU
		{21D1C542-15C2-4AEB-BA12-0CF5AC521F59}.Release|Any CPU.ActiveCfg = Release|Any CPU
		{21D1C542-15C2-4AEB-BA12-0CF5AC521F59}.Release|Any CPU.Build.0 = Release|Any CPU
		{B91A860D-23F5-4E92-B4A5-13BF4589CB66}.Debug|Any CPU.ActiveCfg = Debug|Any CPU
		{B91A860D-23F5-4E92-B4A5-13BF4589CB66}.Debug|Any CPU.Build.0 = Debug|Any CPU
		{B91A860D-23F5-4E92-B4A5-13BF4589CB66}.Release|Any CPU.ActiveCfg = Release|Any CPU
		{B91A860D-23F5-4E92-B4A5-13BF4589CB66}.Release|Any CPU.Build.0 = Release|Any CPU
		{92A4B277-B5EC-4776-BCE7-CFE126354FE9}.Debug|Any CPU.ActiveCfg = Debug|Any CPU
		{92A4B277-B5EC-4776-BCE7-CFE126354FE9}.Debug|Any CPU.Build.0 = Debug|Any CPU
		{92A4B277-B5EC-4776-BCE7-CFE126354FE9}.Release|Any CPU.ActiveCfg = Release|Any CPU
		{92A4B277-B5EC-4776-BCE7-CFE126354FE9}.Release|Any CPU.Build.0 = Release|Any CPU
		{A9FB427A-00CF-46A4-87B4-4B57F8BCD292}.Debug|Any CPU.ActiveCfg = Debug|Any CPU
		{A9FB427A-00CF-46A4-87B4-4B57F8BCD292}.Debug|Any CPU.Build.0 = Debug|Any CPU
		{A9FB427A-00CF-46A4-87B4-4B57F8BCD292}.Release|Any CPU.ActiveCfg = Release|Any CPU
		{A9FB427A-00CF-46A4-87B4-4B57F8BCD292}.Release|Any CPU.Build.0 = Release|Any CPU
		{22DC4E9B-4436-48B8-87A0-24F95BFBB2BB}.Debug|Any CPU.ActiveCfg = Debug|Any CPU
		{22DC4E9B-4436-48B8-87A0-24F95BFBB2BB}.Debug|Any CPU.Build.0 = Debug|Any CPU
		{22DC4E9B-4436-48B8-87A0-24F95BFBB2BB}.Release|Any CPU.ActiveCfg = Release|Any CPU
		{22DC4E9B-4436-48B8-87A0-24F95BFBB2BB}.Release|Any CPU.Build.0 = Release|Any CPU
		{045142CC-BBE8-44BD-89B2-26D303560B7E}.Debug|Any CPU.ActiveCfg = Debug|Any CPU
		{045142CC-BBE8-44BD-89B2-26D303560B7E}.Debug|Any CPU.Build.0 = Debug|Any CPU
		{045142CC-BBE8-44BD-89B2-26D303560B7E}.Release|Any CPU.ActiveCfg = Release|Any CPU
		{045142CC-BBE8-44BD-89B2-26D303560B7E}.Release|Any CPU.Build.0 = Release|Any CPU
		{E2431C92-C9B6-4F7B-BEBD-ECACEC7D40A1}.Debug|Any CPU.ActiveCfg = Debug|Any CPU
		{E2431C92-C9B6-4F7B-BEBD-ECACEC7D40A1}.Debug|Any CPU.Build.0 = Debug|Any CPU
		{E2431C92-C9B6-4F7B-BEBD-ECACEC7D40A1}.Release|Any CPU.ActiveCfg = Release|Any CPU
		{E2431C92-C9B6-4F7B-BEBD-ECACEC7D40A1}.Release|Any CPU.Build.0 = Release|Any CPU
		{E99D85D5-4A75-48C6-81F3-63F0925C6D53}.Debug|Any CPU.ActiveCfg = Debug|Any CPU
		{E99D85D5-4A75-48C6-81F3-63F0925C6D53}.Debug|Any CPU.Build.0 = Debug|Any CPU
		{E99D85D5-4A75-48C6-81F3-63F0925C6D53}.Release|Any CPU.ActiveCfg = Release|Any CPU
		{E99D85D5-4A75-48C6-81F3-63F0925C6D53}.Release|Any CPU.Build.0 = Release|Any CPU
		{9F82A842-6E26-4D3D-B38F-2A52F33C2CD2}.Debug|Any CPU.ActiveCfg = Debug|Any CPU
		{9F82A842-6E26-4D3D-B38F-2A52F33C2CD2}.Debug|Any CPU.Build.0 = Debug|Any CPU
		{9F82A842-6E26-4D3D-B38F-2A52F33C2CD2}.Release|Any CPU.ActiveCfg = Release|Any CPU
		{9F82A842-6E26-4D3D-B38F-2A52F33C2CD2}.Release|Any CPU.Build.0 = Release|Any CPU
		{7FE6B7B1-1EDB-4237-983B-E6743A48C9B8}.Debug|Any CPU.ActiveCfg = Debug|Any CPU
		{7FE6B7B1-1EDB-4237-983B-E6743A48C9B8}.Debug|Any CPU.Build.0 = Debug|Any CPU
		{7FE6B7B1-1EDB-4237-983B-E6743A48C9B8}.Release|Any CPU.ActiveCfg = Release|Any CPU
		{7FE6B7B1-1EDB-4237-983B-E6743A48C9B8}.Release|Any CPU.Build.0 = Release|Any CPU
		{79390363-0A87-4792-803E-A00DBA5CA7F0}.Debug|Any CPU.ActiveCfg = Debug|Any CPU
		{79390363-0A87-4792-803E-A00DBA5CA7F0}.Debug|Any CPU.Build.0 = Debug|Any CPU
		{79390363-0A87-4792-803E-A00DBA5CA7F0}.Release|Any CPU.ActiveCfg = Release|Any CPU
		{79390363-0A87-4792-803E-A00DBA5CA7F0}.Release|Any CPU.Build.0 = Release|Any CPU
		{DE5C38BE-9EC5-4FFC-8D64-AA301463EB3E}.Debug|Any CPU.ActiveCfg = Debug|Any CPU
		{DE5C38BE-9EC5-4FFC-8D64-AA301463EB3E}.Debug|Any CPU.Build.0 = Debug|Any CPU
		{DE5C38BE-9EC5-4FFC-8D64-AA301463EB3E}.Release|Any CPU.ActiveCfg = Release|Any CPU
		{DE5C38BE-9EC5-4FFC-8D64-AA301463EB3E}.Release|Any CPU.Build.0 = Release|Any CPU
		{BA6EC7D8-3227-4C0E-9976-C6C62A0A43C7}.Debug|Any CPU.ActiveCfg = Debug|Any CPU
		{BA6EC7D8-3227-4C0E-9976-C6C62A0A43C7}.Debug|Any CPU.Build.0 = Debug|Any CPU
		{BA6EC7D8-3227-4C0E-9976-C6C62A0A43C7}.Release|Any CPU.ActiveCfg = Release|Any CPU
		{BA6EC7D8-3227-4C0E-9976-C6C62A0A43C7}.Release|Any CPU.Build.0 = Release|Any CPU
	EndGlobalSection
	GlobalSection(SolutionProperties) = preSolution
		HideSolutionNode = FALSE
	EndGlobalSection
	GlobalSection(NestedProjects) = preSolution
		{5F1754E6-DD6A-431E-B0E2-6AC0CB2EC7AB} = {CAD4C72A-B164-4D2F-8E28-AD645A4AFAA1}
		{C46428F7-8336-4CE2-94B0-196A9554680F} = {E81E7454-D6AB-497A-9554-1FFB5D175EC7}
		{21D1C542-15C2-4AEB-BA12-0CF5AC521F59} = {EBD01A29-67C5-43AB-A25C-3C8B562589F2}
		{B91A860D-23F5-4E92-B4A5-13BF4589CB66} = {C8E66BE5-17CA-4FCD-B875-131C8B9B024C}
		{92A4B277-B5EC-4776-BCE7-CFE126354FE9} = {750BBF62-991B-4960-B3C8-253F281B3EBB}
		{A9FB427A-00CF-46A4-87B4-4B57F8BCD292} = {EBD01A29-67C5-43AB-A25C-3C8B562589F2}
		{22DC4E9B-4436-48B8-87A0-24F95BFBB2BB} = {35F2FE43-7780-46B9-A76E-2B44F6417BCE}
		{045142CC-BBE8-44BD-89B2-26D303560B7E} = {B856179F-DD44-400C-8E1B-B9BAAC8252DA}
		{E2431C92-C9B6-4F7B-BEBD-ECACEC7D40A1} = {7912C69E-36C5-4077-9AF4-5E3A1B9B37E3}
		{E99D85D5-4A75-48C6-81F3-63F0925C6D53} = {524C05E5-BF80-4F78-B5C3-316C9B9D9BD9}
		{9F82A842-6E26-4D3D-B38F-2A52F33C2CD2} = {524C05E5-BF80-4F78-B5C3-316C9B9D9BD9}
		{7FE6B7B1-1EDB-4237-983B-E6743A48C9B8} = {92E7DDDF-E955-4C6A-9407-921B710EC0D7}
		{79390363-0A87-4792-803E-A00DBA5CA7F0} = {EBD01A29-67C5-43AB-A25C-3C8B562589F2}
		{DE5C38BE-9EC5-4FFC-8D64-AA301463EB3E} = {C8226B10-62EC-488F-8B3B-A16131258F46}
		{BA6EC7D8-3227-4C0E-9976-C6C62A0A43C7} = {9861530D-DC4F-4497-B314-9D4460E7877F}
	EndGlobalSection
	GlobalSection(ExtensibilityGlobals) = postSolution
		SolutionGuid = {376F199A-E5EF-4E50-BDBD-F4DFC67CEC15}
	EndGlobalSection
EndGlobal
