
Microsoft Visual Studio Solution File, Format Version 12.00
# Visual Studio Version 17
VisualStudioVersion = 17.4.33205.214
MinimumVisualStudioVersion = 10.0.40219.1
Project("{2150E333-8FDC-42A3-9474-1A3956D46DE8}") = "IDataProtectionProvider", "IDataProtectionProvider", "{CAD4C72A-B164-4D2F-8E28-AD645A4AFAA1}"
EndProject
Project("{9A19103F-16F7-4668-BE54-9A1E7A4F7556}") = "MockupApplication", "MockupApplication\MockupApplication.csproj", "{5F1754E6-DD6A-431E-B0E2-6AC0CB2EC7AB}"
EndProject
Project("{9A19103F-16F7-4668-BE54-9A1E7A4F7556}") = "WorkingWithTempData", "WorkingWithTempData\WorkingWithTempData.csproj", "{C46428F7-8336-4CE2-94B0-196A9554680F}"
EndProject
Project("{9A19103F-16F7-4668-BE54-9A1E7A4F7556}") = "RazorLibrary", "RazorLibrary\RazorLibrary.csproj", "{21D1C542-15C2-4AEB-BA12-0CF5AC521F59}"
EndProject
Project("{2150E333-8FDC-42A3-9474-1A3956D46DE8}") = "Class projects", "Class projects", "{EBD01A29-67C5-43AB-A25C-3C8B562589F2}"
EndProject
Project("{2150E333-8FDC-42A3-9474-1A3956D46DE8}") = "TempData", "TempData", "{E81E7454-D6AB-497A-9554-1FFB5D175EC7}"
EndProject
Project("{2150E333-8FDC-42A3-9474-1A3956D46DE8}") = "Solution Items", "Solution Items", "{33597EFE-B8FB-4A07-8019-66AAF73ABD7A}"
	ProjectSection(SolutionItems) = preProject
		global.json = global.json
		readme.md = readme.md
		stash.md = stash.md
		stash.txt = stash.txt
	EndProjectSection
EndProject
Project("{2150E333-8FDC-42A3-9474-1A3956D46DE8}") = "CSS Isolation", "CSS Isolation", "{C8E66BE5-17CA-4FCD-B875-131C8B9B024C}"
EndProject
Project("{9A19103F-16F7-4668-BE54-9A1E7A4F7556}") = "IsolationWebApp", "IsolationWebApp\IsolationWebApp.csproj", "{B91A860D-23F5-4E92-B4A5-13BF4589CB66}"
EndProject
Project("{2150E333-8FDC-42A3-9474-1A3956D46DE8}") = "Environments", "Environments", "{750BBF62-991B-4960-B3C8-253F281B3EBB}"
EndProject
Project("{9A19103F-16F7-4668-BE54-9A1E7A4F7556}") = "EnvironmentApplication", "EnvionmentSample\EnvironmentApplication.csproj", "{92A4B277-B5EC-4776-BCE7-CFE126354FE9}"
EndProject
Project("{2150E333-8FDC-42A3-9474-1A3956D46DE8}") = "Configurations", "Configurations", "{35F2FE43-7780-46B9-A76E-2B44F6417BCE}"
EndProject
Project("{9A19103F-16F7-4668-BE54-9A1E7A4F7556}") = "Revenue.Configuration.Core1", "Revenue.Configuration.Core1\Revenue.Configuration.Core1.csproj", "{A9FB427A-00CF-46A4-87B4-4B57F8BCD292}"
EndProject
Project("{9A19103F-16F7-4668-BE54-9A1E7A4F7556}") = "RevenueFrontEnd", "RevenueFrontend\RevenueFrontEnd.csproj", "{22DC4E9B-4436-48B8-87A0-24F95BFBB2BB}"
EndProject
Project("{2150E333-8FDC-42A3-9474-1A3956D46DE8}") = "Project Templates", "Project Templates", "{B856179F-DD44-400C-8E1B-B9BAAC8252DA}"
EndProject
Project("{9A19103F-16F7-4668-BE54-9A1E7A4F7556}") = "KP_RazorPagesEntityFramework", "KP_RazorPagesEntityFramework\KP_RazorPagesEntityFramework.csproj", "{045142CC-BBE8-44BD-89B2-26D303560B7E}"
EndProject
Project("{2150E333-8FDC-42A3-9474-1A3956D46DE8}") = "Ajax", "Ajax", "{7912C69E-36C5-4077-9AF4-5E3A1B9B37E3}"
EndProject
Project("{9A19103F-16F7-4668-BE54-9A1E7A4F7556}") = "RazorPagesAJAXNamedHandlersDemo", "RazorPagesAJAXNamedHandlersDemo\RazorPagesAJAXNamedHandlersDemo.csproj", "{E2431C92-C9B6-4F7B-BEBD-ECACEC7D40A1}"
EndProject
Project("{2150E333-8FDC-42A3-9474-1A3956D46DE8}") = "Forms", "Forms", "{524C05E5-BF80-4F78-B5C3-316C9B9D9BD9}"
EndProject
Project("{9A19103F-16F7-4668-BE54-9A1E7A4F7556}") = "MultipleSubmitButtons1", "MutilpleSubmitButtons1\MultipleSubmitButtons1.csproj", "{E99D85D5-4A75-48C6-81F3-63F0925C6D53}"
EndProject
Project("{9A19103F-16F7-4668-BE54-9A1E7A4F7556}") = "MultipleSubmitButtons2", "MutilpleSubmitButtons2\MultipleSubmitButtons2.csproj", "{9F82A842-6E26-4D3D-B38F-2A52F33C2CD2}"
EndProject
Project("{2150E333-8FDC-42A3-9474-1A3956D46DE8}") = "Serilog projects", "Serilog projects", "{92E7DDDF-E955-4C6A-9407-921B710EC0D7}"
EndProject
Project("{9A19103F-16F7-4668-BE54-9A1E7A4F7556}") = "SerilogCustomLogColors", "SerilogCustomLogColors\SerilogCustomLogColors.csproj", "{7FE6B7B1-1EDB-4237-983B-E6743A48C9B8}"
EndProject
Project("{9A19103F-16F7-4668-BE54-9A1E7A4F7556}") = "SeriLogLibrary", "SeriLogLibrary\SeriLogLibrary.csproj", "{79390363-0A87-4792-803E-A00DBA5CA7F0}"
EndProject
Project("{2150E333-8FDC-42A3-9474-1A3956D46DE8}") = "404 projects", "404 projects", "{C8226B10-62EC-488F-8B3B-A16131258F46}"
EndProject
Project("{9A19103F-16F7-4668-BE54-9A1E7A4F7556}") = "Custom404Page", "Custom404Page\Custom404Page.csproj", "{DE5C38BE-9EC5-4FFC-8D64-AA301463EB3E}"
EndProject
Project("{2150E333-8FDC-42A3-9474-1A3956D46DE8}") = "General", "General", "{9861530D-DC4F-4497-B314-9D4460E7877F}"
EndProject
Project("{9A19103F-16F7-4668-BE54-9A1E7A4F7556}") = "WritingToScreen", "WritingToScreen\WritingToScreen.csproj", "{BA6EC7D8-3227-4C0E-9976-C6C62A0A43C7}"
EndProject
Project("{9A19103F-16F7-4668-BE54-9A1E7A4F7556}") = "HelloWorld", "HelloWorld\HelloWorld.csproj", "{2C27ED0A-12CB-43F6-AAB9-D15974AA125D}"
EndProject
Project("{9A19103F-16F7-4668-BE54-9A1E7A4F7556}") = "Handler", "handler\Handler.csproj", "{5261595D-8093-4D22-AADB-08A3244DF424}"
EndProject
Project("{9A19103F-16F7-4668-BE54-9A1E7A4F7556}") = "DropdownEumRazorPages", "DropdownEumRazorPages\DropdownEumRazorPages.csproj", "{C70B2F46-EA7E-429E-B6C8-4F34C905283E}"
EndProject
Project("{9A19103F-16F7-4668-BE54-9A1E7A4F7556}") = "WorkingWithDateTime", "WorkingWithDateTime\WorkingWithDateTime.csproj", "{EA2F10AA-02B3-4CDE-BD85-0848DB4444B3}"
EndProject
Project("{9A19103F-16F7-4668-BE54-9A1E7A4F7556}") = "IsSectionDefinedApp", "IsSectionDefinedApp\IsSectionDefinedApp.csproj", "{02E3C290-561F-4897-ACAC-A48D6B23A09E}"
EndProject
Project("{9A19103F-16F7-4668-BE54-9A1E7A4F7556}") = "TwoFactorAuthentication1", "TwoFactorAuthentication1\TwoFactorAuthentication1.csproj", "{94B0F788-784D-4E5F-8537-9CAF9D290999}"
EndProject
Project("{2150E333-8FDC-42A3-9474-1A3956D46DE8}") = "Two Factor Authentication", "Two Factor Authentication", "{93761896-8F0C-4BFF-BCC8-FDDF43E14DCA}"
EndProject
Project("{9A19103F-16F7-4668-BE54-9A1E7A4F7556}") = "SessionStateBasic", "SessionStateBasic\SessionStateBasic.csproj", "{463A1F0A-2C9E-4A8E-8232-7A3F1BA407D1}"
EndProject
Project("{2150E333-8FDC-42A3-9474-1A3956D46DE8}") = "EF Core", "EF Core", "{8D880D03-2A11-4335-A661-2B87E80E2731}"
EndProject
Project("{9A19103F-16F7-4668-BE54-9A1E7A4F7556}") = "NotesRazorApp", "NotesRazorApp\NotesRazorApp.csproj", "{87347221-1910-4CD2-843B-0928933D90F8}"
EndProject
Project("{9A19103F-16F7-4668-BE54-9A1E7A4F7556}") = "SecretManagerExample1", "SecretManagerExample1\SecretManagerExample1.csproj", "{C9A57CF4-0B20-477F-A148-B6A9EAD3B89D}"
EndProject
Project("{9A19103F-16F7-4668-BE54-9A1E7A4F7556}") = "Configuration1", "Configuration1\Configuration1.csproj", "{1B52638D-7AE1-4C8E-ADE8-7599848493D6}"
EndProject
Project("{9A19103F-16F7-4668-BE54-9A1E7A4F7556}") = "SqlServerSink", "SqlServerSink\SqlServerSink.csproj", "{FC8FDFE5-A0A2-4B52-A5D3-C38B685F84B9}"
EndProject
Project("{9A19103F-16F7-4668-BE54-9A1E7A4F7556}") = "ConditionalLayout", "ConditionalLayout\ConditionalLayout.csproj", "{588F8EB1-C49F-415D-B530-8A19D8191F3E}"
EndProject
Project("{2150E333-8FDC-42A3-9474-1A3956D46DE8}") = "Notes app", "Notes app", "{909DAAA0-3A7D-4FF0-BE0A-692A498B4441}"
EndProject
Project("{9A19103F-16F7-4668-BE54-9A1E7A4F7556}") = "NotesFormApp", "NotesFormApp\NotesFormApp.csproj", "{37F72FEA-2439-477E-843C-8A15DE570EA4}"
EndProject
Project("{9A19103F-16F7-4668-BE54-9A1E7A4F7556}") = "AnchorTagHelper1", "AnchorTagHelper1\AnchorTagHelper1.csproj", "{1E3AE071-4172-4674-A3B4-1F58BB4158C5}"
EndProject
Project("{9A19103F-16F7-4668-BE54-9A1E7A4F7556}") = "ChangeLandingPage", "ChangeLandingPage\ChangeLandingPage.csproj", "{47F16034-58C2-4BF9-A1DC-BC6C85A4E73A}"
EndProject
Project("{9A19103F-16F7-4668-BE54-9A1E7A4F7556}") = "FluentWebApplication", "FluentWebApplication\FluentWebApplication.csproj", "{621F4A25-90C0-48E6-B74B-E1ACB68E7C5A}"
EndProject
Project("{9A19103F-16F7-4668-BE54-9A1E7A4F7556}") = "MapRouteTemplate1", "MapRouteTemple1\MapRouteTemplate1.csproj", "{D4FFF58D-A0C3-4783-848C-704FA0818206}"
EndProject
Project("{9A19103F-16F7-4668-BE54-9A1E7A4F7556}") = "RazorLayouts", "RazorLayouts\RazorLayouts.csproj", "{DFF31E72-1EFA-4DAD-88A0-ACDFED1F8614}"
EndProject
Project("{9A19103F-16F7-4668-BE54-9A1E7A4F7556}") = "Configuration2", "Configuration2\Configuration2.csproj", "{921D2D75-F8AA-4264-9E2B-737102ED5144}"
EndProject
Project("{9A19103F-16F7-4668-BE54-9A1E7A4F7556}") = "MapRouteTemplate2", "MapRouteTemplate2\MapRouteTemplate2.csproj", "{7D621E27-DD49-46DF-BBC2-B706B56E06BF}"
EndProject
Project("{9A19103F-16F7-4668-BE54-9A1E7A4F7556}") = "SeriLogConditional", "SeriLogConditional\SeriLogConditional.csproj", "{19374E98-C20C-4D66-ACF9-36FCDD996D1C}"
EndProject
Project("{9A19103F-16F7-4668-BE54-9A1E7A4F7556}") = "CheckedListBox", "CheckedListBox\CheckedListBox.csproj", "{C20A0CF3-9233-41BA-AC72-049A5D8EEE9C}"
EndProject
Project("{9A19103F-16F7-4668-BE54-9A1E7A4F7556}") = "SimpleModelBinding", "SimpleModelBinding\SimpleModelBinding.csproj", "{0BEA14CC-2308-45BB-8F70-186823BDA50C}"
EndProject
Project("{9A19103F-16F7-4668-BE54-9A1E7A4F7556}") = "RadioButtonsExample", "RadioButtonsExample\RadioButtonsExample.csproj", "{78423ABD-68A4-42C7-8DD8-6D6F587523EC}"
EndProject
Project("{9A19103F-16F7-4668-BE54-9A1E7A4F7556}") = "DropdownForCountries", "DropdownForCountries\DropdownForCountries.csproj", "{6CCA61C0-827F-4315-8239-416440F48870}"
EndProject
Project("{9A19103F-16F7-4668-BE54-9A1E7A4F7556}") = "EF_StringEncryptPropertyValues", "EF_StringEncryptPropertyValues\EF_StringEncryptPropertyValues.csproj", "{9BDA00B1-DC91-44C1-9513-8FAFC9757C4C}"
EndProject
Project("{2150E333-8FDC-42A3-9474-1A3956D46DE8}") = "Sweet-Alert", "Sweet-Alert", "{F3A6B749-E8F6-474B-B9F6-8D072218B9C3}"
EndProject
Project("{9A19103F-16F7-4668-BE54-9A1E7A4F7556}") = "SweetAlertExamples", "SweetAlertExamples\SweetAlertExamples.csproj", "{21183345-95D4-4F63-8BD7-A6D37E04A93C}"
EndProject
Project("{2150E333-8FDC-42A3-9474-1A3956D46DE8}") = "Console projects", "Console projects", "{1D75C2B4-C648-4F21-9E71-C15F71FDB45C}"
EndProject
Project("{9A19103F-16F7-4668-BE54-9A1E7A4F7556}") = "Tinkering", "Tinkering\Tinkering.csproj", "{9DF03C65-5B25-47BB-9913-893D3E085537}"
EndProject
Project("{2150E333-8FDC-42A3-9474-1A3956D46DE8}") = "Bootstrap", "Bootstrap", "{38578471-A4EB-415B-8B5F-B049F030E31D}"
EndProject
Project("{9A19103F-16F7-4668-BE54-9A1E7A4F7556}") = "Bootstrap5OffCanvasExample", "Bootstrap5OffCanvasExample\Bootstrap5OffCanvasExample.csproj", "{9AB2D386-065B-4862-A62C-968579BEEBF6}"
EndProject
Project("{9A19103F-16F7-4668-BE54-9A1E7A4F7556}") = "LeftSideNavigation", "LeftSideNavigation\LeftSideNavigation.csproj", "{9949742F-9719-48C3-81EE-9299BED2716A}"
EndProject
Project("{9A19103F-16F7-4668-BE54-9A1E7A4F7556}") = "Localization1", "Localization1\Localization1.csproj", "{B49461A1-C4C0-4F26-9B0F-B109E22E74C4}"
EndProject
Project("{2150E333-8FDC-42A3-9474-1A3956D46DE8}") = "Localization", "Localization", "{9E47D33B-49B6-4EC0-A79B-A31F0F6295B6}"
EndProject
Project("{9A19103F-16F7-4668-BE54-9A1E7A4F7556}") = "Globoticket.Web", "HTML Localizer\Globoticket.Web.csproj", "{2C906093-0A8B-4EF9-8E37-8B575B739E75}"
EndProject
Project("{2150E333-8FDC-42A3-9474-1A3956D46DE8}") = "Dependency Injection", "Dependency Injection", "{AACDF155-BD4A-4D39-878A-3D6F53501284}"
EndProject
Project("{9A19103F-16F7-4668-BE54-9A1E7A4F7556}") = "DependencyInjectionBasic", "DependencyInjectionBasic\DependencyInjectionBasic.csproj", "{4C6A7A94-AC72-4802-87B8-9CA7BCC5CF10}"
EndProject
Project("{9A19103F-16F7-4668-BE54-9A1E7A4F7556}") = "MultipleSubmitButtonsBasic", "MultipleSubmitButtonsBasic\MultipleSubmitButtonsBasic.csproj", "{0FB1CF74-672D-41AC-AB49-B1867DFB409E}"
EndProject
Project("{2150E333-8FDC-42A3-9474-1A3956D46DE8}") = "Telerik", "Telerik", "{614620FF-98F3-4617-BDE8-B1EAC1152C87}"
EndProject
Project("{9A19103F-16F7-4668-BE54-9A1E7A4F7556}") = "TelerikSamples1", "TelerikSamples1\TelerikSamples1.csproj", "{BB4ADE11-EDA2-4934-9111-D89255854EBC}"
EndProject
Project("{9A19103F-16F7-4668-BE54-9A1E7A4F7556}") = "NonFactorsGridStarter", "NonFactorsGridStarter\NonFactorsGridStarter.csproj", "{48E55444-F4B3-4CCC-BC26-25458E85C3FD}"
EndProject
Project("{2150E333-8FDC-42A3-9474-1A3956D46DE8}") = "Grids", "Grids", "{39D946A9-2A40-4B57-88A6-8A6D4B903966}"
EndProject
Project("{2150E333-8FDC-42A3-9474-1A3956D46DE8}") = "Routing", "Routing", "{7D9DA6D7-8534-49F8-9759-CCC29D1378B1}"
EndProject
Project("{9A19103F-16F7-4668-BE54-9A1E7A4F7556}") = "TransformerSlugs", "TransformerSlugs\TransformerSlugs.csproj", "{DE7C6CE1-146A-454D-B177-FD9058F4B20A}"
EndProject
Project("{2150E333-8FDC-42A3-9474-1A3956D46DE8}") = "Misc", "Misc", "{2B0F236E-6B0F-45C1-81F4-5F7E583EBD70}"
EndProject
Project("{9A19103F-16F7-4668-BE54-9A1E7A4F7556}") = "SiteMapWebApplication", "SiteMapWebApplication\SiteMapWebApplication.csproj", "{A42B5D24-ACBA-4A87-ACB1-14D8043F3477}"
EndProject
Project("{E24C65DC-7377-472B-9ABA-BC803B73C61A}") = "RawHtmlProject", "RawHtmlProject\", "{BFC1B436-9F66-4EBF-AE3B-530B836F682B}"
	ProjectSection(WebsiteProperties) = preProject
		TargetFrameworkMoniker = ".NETFramework,Version%3Dv4.7.2"
		Debug.AspNetCompiler.VirtualPath = "/localhost_55187"
		Debug.AspNetCompiler.PhysicalPath = "RawHtmlProject\"
		Debug.AspNetCompiler.TargetPath = "PrecompiledWeb\localhost_55187\"
		Debug.AspNetCompiler.Updateable = "true"
		Debug.AspNetCompiler.ForceOverwrite = "true"
		Debug.AspNetCompiler.FixedNames = "false"
		Debug.AspNetCompiler.Debug = "True"
		Release.AspNetCompiler.VirtualPath = "/localhost_55187"
		Release.AspNetCompiler.PhysicalPath = "RawHtmlProject\"
		Release.AspNetCompiler.TargetPath = "PrecompiledWeb\localhost_55187\"
		Release.AspNetCompiler.Updateable = "true"
		Release.AspNetCompiler.ForceOverwrite = "true"
		Release.AspNetCompiler.FixedNames = "false"
		Release.AspNetCompiler.Debug = "False"
		VWDPort = "55187"
		SlnRelativePath = "RawHtmlProject\"
		DefaultWebSiteLanguage = "Visual Basic"
	EndProjectSection
EndProject
Project("{2150E333-8FDC-42A3-9474-1A3956D46DE8}") = "Accessibility", "Accessibility", "{FBE98B8A-B43E-4BA8-A717-3FF945E579D4}"
EndProject
Project("{9A19103F-16F7-4668-BE54-9A1E7A4F7556}") = "SkipLinkApplication", "SkipLinkApplication\SkipLinkApplication.csproj", "{01D44409-4A36-45E5-93BE-9180C7C278F8}"
EndProject
Project("{9A19103F-16F7-4668-BE54-9A1E7A4F7556}") = "CheckboxAriaApplication", "CheckboxAriaApplication\CheckboxAriaApplication.csproj", "{802B597E-60CF-4F9D-82EB-381B8659DABA}"
EndProject
Project("{E24C65DC-7377-472B-9ABA-BC803B73C61A}") = "theme-clock", "theme-clock\", "{F28B1879-CF6E-40E7-A817-988D5EBAC0DE}"
	ProjectSection(WebsiteProperties) = preProject
		TargetFrameworkMoniker = ".NETFramework,Version%3Dv4.7.2"
		Debug.AspNetCompiler.VirtualPath = "/localhost_55894"
		Debug.AspNetCompiler.PhysicalPath = "theme-clock\"
		Debug.AspNetCompiler.TargetPath = "PrecompiledWeb\localhost_55894\"
		Debug.AspNetCompiler.Updateable = "true"
		Debug.AspNetCompiler.ForceOverwrite = "true"
		Debug.AspNetCompiler.FixedNames = "false"
		Debug.AspNetCompiler.Debug = "True"
		Release.AspNetCompiler.VirtualPath = "/localhost_55894"
		Release.AspNetCompiler.PhysicalPath = "theme-clock\"
		Release.AspNetCompiler.TargetPath = "PrecompiledWeb\localhost_55894\"
		Release.AspNetCompiler.Updateable = "true"
		Release.AspNetCompiler.ForceOverwrite = "true"
		Release.AspNetCompiler.FixedNames = "false"
		Release.AspNetCompiler.Debug = "False"
		VWDPort = "55894"
		SlnRelativePath = "theme-clock\"
		DefaultWebSiteLanguage = "Visual Basic"
	EndProjectSection
EndProject
Project("{9A19103F-16F7-4668-BE54-9A1E7A4F7556}") = "HotKeyJs", "HotKeyJs\HotKeyJs.csproj", "{327144A1-9DED-4EAD-A323-C8E9507D8011}"
EndProject
Project("{2150E333-8FDC-42A3-9474-1A3956D46DE8}") = "Keyboard", "Keyboard", "{51758005-EE78-483E-89F8-FEE4B4B878A3}"
EndProject
Project("{9A19103F-16F7-4668-BE54-9A1E7A4F7556}") = "MouseTrapApp", "MouseTrapApp\MouseTrapApp.csproj", "{BE89B013-881A-41EC-939B-F607E8ABEBEE}"
EndProject
Project("{E24C65DC-7377-472B-9ABA-BC803B73C61A}") = "CheckBoxesAriaApp", "CheckBoxesAriaApp\", "{71B71250-DE2C-4A9A-96E9-2B6C58693168}"
	ProjectSection(WebsiteProperties) = preProject
		TargetFrameworkMoniker = ".NETFramework,Version%3Dv4.7.2"
		Debug.AspNetCompiler.VirtualPath = "/localhost_59999"
		Debug.AspNetCompiler.PhysicalPath = "CheckBoxesAriaApp\"
		Debug.AspNetCompiler.TargetPath = "PrecompiledWeb\localhost_59999\"
		Debug.AspNetCompiler.Updateable = "true"
		Debug.AspNetCompiler.ForceOverwrite = "true"
		Debug.AspNetCompiler.FixedNames = "false"
		Debug.AspNetCompiler.Debug = "True"
		Release.AspNetCompiler.VirtualPath = "/localhost_59999"
		Release.AspNetCompiler.PhysicalPath = "CheckBoxesAriaApp\"
		Release.AspNetCompiler.TargetPath = "PrecompiledWeb\localhost_59999\"
		Release.AspNetCompiler.Updateable = "true"
		Release.AspNetCompiler.ForceOverwrite = "true"
		Release.AspNetCompiler.FixedNames = "false"
		Release.AspNetCompiler.Debug = "False"
		VWDPort = "59999"
		SlnRelativePath = "CheckBoxesAriaApp\"
		DefaultWebSiteLanguage = "Visual Basic"
	EndProjectSection
EndProject
Project("{E24C65DC-7377-472B-9ABA-BC803B73C61A}") = "Accessibility1", "Accessibility1\", "{7FB78BA4-E3B9-436C-8F00-C4E243CA7FCA}"
	ProjectSection(WebsiteProperties) = preProject
		TargetFrameworkMoniker = ".NETFramework,Version%3Dv4.7.2"
		Debug.AspNetCompiler.VirtualPath = "/localhost_58297"
		Debug.AspNetCompiler.PhysicalPath = "Accessibility1\"
		Debug.AspNetCompiler.TargetPath = "PrecompiledWeb\localhost_58297\"
		Debug.AspNetCompiler.Updateable = "true"
		Debug.AspNetCompiler.ForceOverwrite = "true"
		Debug.AspNetCompiler.FixedNames = "false"
		Debug.AspNetCompiler.Debug = "True"
		Release.AspNetCompiler.VirtualPath = "/localhost_58297"
		Release.AspNetCompiler.PhysicalPath = "Accessibility1\"
		Release.AspNetCompiler.TargetPath = "PrecompiledWeb\localhost_58297\"
		Release.AspNetCompiler.Updateable = "true"
		Release.AspNetCompiler.ForceOverwrite = "true"
		Release.AspNetCompiler.FixedNames = "false"
		Release.AspNetCompiler.Debug = "False"
		VWDPort = "58297"
		SlnRelativePath = "Accessibility1\"
		DefaultWebSiteLanguage = "Visual Basic"
	EndProjectSection
EndProject
Project("{9A19103F-16F7-4668-BE54-9A1E7A4F7556}") = "PreventDoublePostBack", "PreventDoublePostBack\PreventDoublePostBack.csproj", "{51F6C7F5-4A03-4659-AA70-E242C6A4ED03}"
EndProject
Project("{9A19103F-16F7-4668-BE54-9A1E7A4F7556}") = "FriendlyRoutesApp", "FriendlyRoutesApp\FriendlyRoutesApp.csproj", "{73CA2DB9-8616-4642-8B4F-8FCD090839EA}"
EndProject
Global
	GlobalSection(SolutionConfigurationPlatforms) = preSolution
		Debug|Any CPU = Debug|Any CPU
		Release|Any CPU = Release|Any CPU
	EndGlobalSection
	GlobalSection(ProjectConfigurationPlatforms) = postSolution
		{5F1754E6-DD6A-431E-B0E2-6AC0CB2EC7AB}.Debug|Any CPU.ActiveCfg = Debug|Any CPU
		{5F1754E6-DD6A-431E-B0E2-6AC0CB2EC7AB}.Debug|Any CPU.Build.0 = Debug|Any CPU
		{5F1754E6-DD6A-431E-B0E2-6AC0CB2EC7AB}.Release|Any CPU.ActiveCfg = Release|Any CPU
		{5F1754E6-DD6A-431E-B0E2-6AC0CB2EC7AB}.Release|Any CPU.Build.0 = Release|Any CPU
		{C46428F7-8336-4CE2-94B0-196A9554680F}.Debug|Any CPU.ActiveCfg = Debug|Any CPU
		{C46428F7-8336-4CE2-94B0-196A9554680F}.Debug|Any CPU.Build.0 = Debug|Any CPU
		{C46428F7-8336-4CE2-94B0-196A9554680F}.Release|Any CPU.ActiveCfg = Release|Any CPU
		{C46428F7-8336-4CE2-94B0-196A9554680F}.Release|Any CPU.Build.0 = Release|Any CPU
		{21D1C542-15C2-4AEB-BA12-0CF5AC521F59}.Debug|Any CPU.ActiveCfg = Debug|Any CPU
		{21D1C542-15C2-4AEB-BA12-0CF5AC521F59}.Debug|Any CPU.Build.0 = Debug|Any CPU
		{21D1C542-15C2-4AEB-BA12-0CF5AC521F59}.Release|Any CPU.ActiveCfg = Release|Any CPU
		{21D1C542-15C2-4AEB-BA12-0CF5AC521F59}.Release|Any CPU.Build.0 = Release|Any CPU
		{B91A860D-23F5-4E92-B4A5-13BF4589CB66}.Debug|Any CPU.ActiveCfg = Debug|Any CPU
		{B91A860D-23F5-4E92-B4A5-13BF4589CB66}.Debug|Any CPU.Build.0 = Debug|Any CPU
		{B91A860D-23F5-4E92-B4A5-13BF4589CB66}.Release|Any CPU.ActiveCfg = Release|Any CPU
		{B91A860D-23F5-4E92-B4A5-13BF4589CB66}.Release|Any CPU.Build.0 = Release|Any CPU
		{92A4B277-B5EC-4776-BCE7-CFE126354FE9}.Debug|Any CPU.ActiveCfg = Debug|Any CPU
		{92A4B277-B5EC-4776-BCE7-CFE126354FE9}.Debug|Any CPU.Build.0 = Debug|Any CPU
		{92A4B277-B5EC-4776-BCE7-CFE126354FE9}.Release|Any CPU.ActiveCfg = Release|Any CPU
		{92A4B277-B5EC-4776-BCE7-CFE126354FE9}.Release|Any CPU.Build.0 = Release|Any CPU
		{A9FB427A-00CF-46A4-87B4-4B57F8BCD292}.Debug|Any CPU.ActiveCfg = Debug|Any CPU
		{A9FB427A-00CF-46A4-87B4-4B57F8BCD292}.Debug|Any CPU.Build.0 = Debug|Any CPU
		{A9FB427A-00CF-46A4-87B4-4B57F8BCD292}.Release|Any CPU.ActiveCfg = Release|Any CPU
		{A9FB427A-00CF-46A4-87B4-4B57F8BCD292}.Release|Any CPU.Build.0 = Release|Any CPU
		{22DC4E9B-4436-48B8-87A0-24F95BFBB2BB}.Debug|Any CPU.ActiveCfg = Debug|Any CPU
		{22DC4E9B-4436-48B8-87A0-24F95BFBB2BB}.Debug|Any CPU.Build.0 = Debug|Any CPU
		{22DC4E9B-4436-48B8-87A0-24F95BFBB2BB}.Release|Any CPU.ActiveCfg = Release|Any CPU
		{22DC4E9B-4436-48B8-87A0-24F95BFBB2BB}.Release|Any CPU.Build.0 = Release|Any CPU
		{045142CC-BBE8-44BD-89B2-26D303560B7E}.Debug|Any CPU.ActiveCfg = Debug|Any CPU
		{045142CC-BBE8-44BD-89B2-26D303560B7E}.Debug|Any CPU.Build.0 = Debug|Any CPU
		{045142CC-BBE8-44BD-89B2-26D303560B7E}.Release|Any CPU.ActiveCfg = Release|Any CPU
		{045142CC-BBE8-44BD-89B2-26D303560B7E}.Release|Any CPU.Build.0 = Release|Any CPU
		{E2431C92-C9B6-4F7B-BEBD-ECACEC7D40A1}.Debug|Any CPU.ActiveCfg = Debug|Any CPU
		{E2431C92-C9B6-4F7B-BEBD-ECACEC7D40A1}.Debug|Any CPU.Build.0 = Debug|Any CPU
		{E2431C92-C9B6-4F7B-BEBD-ECACEC7D40A1}.Release|Any CPU.ActiveCfg = Release|Any CPU
		{E2431C92-C9B6-4F7B-BEBD-ECACEC7D40A1}.Release|Any CPU.Build.0 = Release|Any CPU
		{E99D85D5-4A75-48C6-81F3-63F0925C6D53}.Debug|Any CPU.ActiveCfg = Debug|Any CPU
		{E99D85D5-4A75-48C6-81F3-63F0925C6D53}.Debug|Any CPU.Build.0 = Debug|Any CPU
		{E99D85D5-4A75-48C6-81F3-63F0925C6D53}.Release|Any CPU.ActiveCfg = Release|Any CPU
		{E99D85D5-4A75-48C6-81F3-63F0925C6D53}.Release|Any CPU.Build.0 = Release|Any CPU
		{9F82A842-6E26-4D3D-B38F-2A52F33C2CD2}.Debug|Any CPU.ActiveCfg = Debug|Any CPU
		{9F82A842-6E26-4D3D-B38F-2A52F33C2CD2}.Debug|Any CPU.Build.0 = Debug|Any CPU
		{9F82A842-6E26-4D3D-B38F-2A52F33C2CD2}.Release|Any CPU.ActiveCfg = Release|Any CPU
		{9F82A842-6E26-4D3D-B38F-2A52F33C2CD2}.Release|Any CPU.Build.0 = Release|Any CPU
		{7FE6B7B1-1EDB-4237-983B-E6743A48C9B8}.Debug|Any CPU.ActiveCfg = Debug|Any CPU
		{7FE6B7B1-1EDB-4237-983B-E6743A48C9B8}.Debug|Any CPU.Build.0 = Debug|Any CPU
		{7FE6B7B1-1EDB-4237-983B-E6743A48C9B8}.Release|Any CPU.ActiveCfg = Release|Any CPU
		{7FE6B7B1-1EDB-4237-983B-E6743A48C9B8}.Release|Any CPU.Build.0 = Release|Any CPU
		{79390363-0A87-4792-803E-A00DBA5CA7F0}.Debug|Any CPU.ActiveCfg = Debug|Any CPU
		{79390363-0A87-4792-803E-A00DBA5CA7F0}.Debug|Any CPU.Build.0 = Debug|Any CPU
		{79390363-0A87-4792-803E-A00DBA5CA7F0}.Release|Any CPU.ActiveCfg = Release|Any CPU
		{79390363-0A87-4792-803E-A00DBA5CA7F0}.Release|Any CPU.Build.0 = Release|Any CPU
		{DE5C38BE-9EC5-4FFC-8D64-AA301463EB3E}.Debug|Any CPU.ActiveCfg = Debug|Any CPU
		{DE5C38BE-9EC5-4FFC-8D64-AA301463EB3E}.Debug|Any CPU.Build.0 = Debug|Any CPU
		{DE5C38BE-9EC5-4FFC-8D64-AA301463EB3E}.Release|Any CPU.ActiveCfg = Release|Any CPU
		{DE5C38BE-9EC5-4FFC-8D64-AA301463EB3E}.Release|Any CPU.Build.0 = Release|Any CPU
		{BA6EC7D8-3227-4C0E-9976-C6C62A0A43C7}.Debug|Any CPU.ActiveCfg = Debug|Any CPU
		{BA6EC7D8-3227-4C0E-9976-C6C62A0A43C7}.Debug|Any CPU.Build.0 = Debug|Any CPU
		{BA6EC7D8-3227-4C0E-9976-C6C62A0A43C7}.Release|Any CPU.ActiveCfg = Release|Any CPU
		{BA6EC7D8-3227-4C0E-9976-C6C62A0A43C7}.Release|Any CPU.Build.0 = Release|Any CPU
		{2C27ED0A-12CB-43F6-AAB9-D15974AA125D}.Debug|Any CPU.ActiveCfg = Debug|Any CPU
		{2C27ED0A-12CB-43F6-AAB9-D15974AA125D}.Debug|Any CPU.Build.0 = Debug|Any CPU
		{2C27ED0A-12CB-43F6-AAB9-D15974AA125D}.Release|Any CPU.ActiveCfg = Release|Any CPU
		{2C27ED0A-12CB-43F6-AAB9-D15974AA125D}.Release|Any CPU.Build.0 = Release|Any CPU
		{5261595D-8093-4D22-AADB-08A3244DF424}.Debug|Any CPU.ActiveCfg = Debug|Any CPU
		{5261595D-8093-4D22-AADB-08A3244DF424}.Debug|Any CPU.Build.0 = Debug|Any CPU
		{5261595D-8093-4D22-AADB-08A3244DF424}.Release|Any CPU.ActiveCfg = Release|Any CPU
		{5261595D-8093-4D22-AADB-08A3244DF424}.Release|Any CPU.Build.0 = Release|Any CPU
		{C70B2F46-EA7E-429E-B6C8-4F34C905283E}.Debug|Any CPU.ActiveCfg = Debug|Any CPU
		{C70B2F46-EA7E-429E-B6C8-4F34C905283E}.Debug|Any CPU.Build.0 = Debug|Any CPU
		{C70B2F46-EA7E-429E-B6C8-4F34C905283E}.Release|Any CPU.ActiveCfg = Release|Any CPU
		{C70B2F46-EA7E-429E-B6C8-4F34C905283E}.Release|Any CPU.Build.0 = Release|Any CPU
		{EA2F10AA-02B3-4CDE-BD85-0848DB4444B3}.Debug|Any CPU.ActiveCfg = Debug|Any CPU
		{EA2F10AA-02B3-4CDE-BD85-0848DB4444B3}.Debug|Any CPU.Build.0 = Debug|Any CPU
		{EA2F10AA-02B3-4CDE-BD85-0848DB4444B3}.Release|Any CPU.ActiveCfg = Release|Any CPU
		{EA2F10AA-02B3-4CDE-BD85-0848DB4444B3}.Release|Any CPU.Build.0 = Release|Any CPU
		{02E3C290-561F-4897-ACAC-A48D6B23A09E}.Debug|Any CPU.ActiveCfg = Debug|Any CPU
		{02E3C290-561F-4897-ACAC-A48D6B23A09E}.Debug|Any CPU.Build.0 = Debug|Any CPU
		{02E3C290-561F-4897-ACAC-A48D6B23A09E}.Release|Any CPU.ActiveCfg = Release|Any CPU
		{02E3C290-561F-4897-ACAC-A48D6B23A09E}.Release|Any CPU.Build.0 = Release|Any CPU
		{94B0F788-784D-4E5F-8537-9CAF9D290999}.Debug|Any CPU.ActiveCfg = Debug|Any CPU
		{94B0F788-784D-4E5F-8537-9CAF9D290999}.Debug|Any CPU.Build.0 = Debug|Any CPU
		{94B0F788-784D-4E5F-8537-9CAF9D290999}.Release|Any CPU.ActiveCfg = Release|Any CPU
		{94B0F788-784D-4E5F-8537-9CAF9D290999}.Release|Any CPU.Build.0 = Release|Any CPU
		{463A1F0A-2C9E-4A8E-8232-7A3F1BA407D1}.Debug|Any CPU.ActiveCfg = Debug|Any CPU
		{463A1F0A-2C9E-4A8E-8232-7A3F1BA407D1}.Debug|Any CPU.Build.0 = Debug|Any CPU
		{463A1F0A-2C9E-4A8E-8232-7A3F1BA407D1}.Release|Any CPU.ActiveCfg = Release|Any CPU
		{463A1F0A-2C9E-4A8E-8232-7A3F1BA407D1}.Release|Any CPU.Build.0 = Release|Any CPU
		{87347221-1910-4CD2-843B-0928933D90F8}.Debug|Any CPU.ActiveCfg = Debug|Any CPU
		{87347221-1910-4CD2-843B-0928933D90F8}.Debug|Any CPU.Build.0 = Debug|Any CPU
		{87347221-1910-4CD2-843B-0928933D90F8}.Release|Any CPU.ActiveCfg = Release|Any CPU
		{87347221-1910-4CD2-843B-0928933D90F8}.Release|Any CPU.Build.0 = Release|Any CPU
		{C9A57CF4-0B20-477F-A148-B6A9EAD3B89D}.Debug|Any CPU.ActiveCfg = Debug|Any CPU
		{C9A57CF4-0B20-477F-A148-B6A9EAD3B89D}.Debug|Any CPU.Build.0 = Debug|Any CPU
		{C9A57CF4-0B20-477F-A148-B6A9EAD3B89D}.Release|Any CPU.ActiveCfg = Release|Any CPU
		{C9A57CF4-0B20-477F-A148-B6A9EAD3B89D}.Release|Any CPU.Build.0 = Release|Any CPU
		{1B52638D-7AE1-4C8E-ADE8-7599848493D6}.Debug|Any CPU.ActiveCfg = Debug|Any CPU
		{1B52638D-7AE1-4C8E-ADE8-7599848493D6}.Debug|Any CPU.Build.0 = Debug|Any CPU
		{1B52638D-7AE1-4C8E-ADE8-7599848493D6}.Release|Any CPU.ActiveCfg = Release|Any CPU
		{1B52638D-7AE1-4C8E-ADE8-7599848493D6}.Release|Any CPU.Build.0 = Release|Any CPU
		{FC8FDFE5-A0A2-4B52-A5D3-C38B685F84B9}.Debug|Any CPU.ActiveCfg = Debug|Any CPU
		{FC8FDFE5-A0A2-4B52-A5D3-C38B685F84B9}.Debug|Any CPU.Build.0 = Debug|Any CPU
		{FC8FDFE5-A0A2-4B52-A5D3-C38B685F84B9}.Release|Any CPU.ActiveCfg = Release|Any CPU
		{FC8FDFE5-A0A2-4B52-A5D3-C38B685F84B9}.Release|Any CPU.Build.0 = Release|Any CPU
		{588F8EB1-C49F-415D-B530-8A19D8191F3E}.Debug|Any CPU.ActiveCfg = Debug|Any CPU
		{588F8EB1-C49F-415D-B530-8A19D8191F3E}.Debug|Any CPU.Build.0 = Debug|Any CPU
		{588F8EB1-C49F-415D-B530-8A19D8191F3E}.Release|Any CPU.ActiveCfg = Release|Any CPU
		{588F8EB1-C49F-415D-B530-8A19D8191F3E}.Release|Any CPU.Build.0 = Release|Any CPU
		{37F72FEA-2439-477E-843C-8A15DE570EA4}.Debug|Any CPU.ActiveCfg = Debug|Any CPU
		{37F72FEA-2439-477E-843C-8A15DE570EA4}.Debug|Any CPU.Build.0 = Debug|Any CPU
		{37F72FEA-2439-477E-843C-8A15DE570EA4}.Release|Any CPU.ActiveCfg = Release|Any CPU
		{37F72FEA-2439-477E-843C-8A15DE570EA4}.Release|Any CPU.Build.0 = Release|Any CPU
		{1E3AE071-4172-4674-A3B4-1F58BB4158C5}.Debug|Any CPU.ActiveCfg = Debug|Any CPU
		{1E3AE071-4172-4674-A3B4-1F58BB4158C5}.Debug|Any CPU.Build.0 = Debug|Any CPU
		{1E3AE071-4172-4674-A3B4-1F58BB4158C5}.Release|Any CPU.ActiveCfg = Release|Any CPU
		{1E3AE071-4172-4674-A3B4-1F58BB4158C5}.Release|Any CPU.Build.0 = Release|Any CPU
		{47F16034-58C2-4BF9-A1DC-BC6C85A4E73A}.Debug|Any CPU.ActiveCfg = Debug|Any CPU
		{47F16034-58C2-4BF9-A1DC-BC6C85A4E73A}.Debug|Any CPU.Build.0 = Debug|Any CPU
		{47F16034-58C2-4BF9-A1DC-BC6C85A4E73A}.Release|Any CPU.ActiveCfg = Release|Any CPU
		{47F16034-58C2-4BF9-A1DC-BC6C85A4E73A}.Release|Any CPU.Build.0 = Release|Any CPU
		{621F4A25-90C0-48E6-B74B-E1ACB68E7C5A}.Debug|Any CPU.ActiveCfg = Debug|Any CPU
		{621F4A25-90C0-48E6-B74B-E1ACB68E7C5A}.Debug|Any CPU.Build.0 = Debug|Any CPU
		{621F4A25-90C0-48E6-B74B-E1ACB68E7C5A}.Release|Any CPU.ActiveCfg = Release|Any CPU
		{621F4A25-90C0-48E6-B74B-E1ACB68E7C5A}.Release|Any CPU.Build.0 = Release|Any CPU
		{D4FFF58D-A0C3-4783-848C-704FA0818206}.Debug|Any CPU.ActiveCfg = Debug|Any CPU
		{D4FFF58D-A0C3-4783-848C-704FA0818206}.Debug|Any CPU.Build.0 = Debug|Any CPU
		{D4FFF58D-A0C3-4783-848C-704FA0818206}.Release|Any CPU.ActiveCfg = Release|Any CPU
		{D4FFF58D-A0C3-4783-848C-704FA0818206}.Release|Any CPU.Build.0 = Release|Any CPU
		{DFF31E72-1EFA-4DAD-88A0-ACDFED1F8614}.Debug|Any CPU.ActiveCfg = Debug|Any CPU
		{DFF31E72-1EFA-4DAD-88A0-ACDFED1F8614}.Debug|Any CPU.Build.0 = Debug|Any CPU
		{DFF31E72-1EFA-4DAD-88A0-ACDFED1F8614}.Release|Any CPU.ActiveCfg = Release|Any CPU
		{DFF31E72-1EFA-4DAD-88A0-ACDFED1F8614}.Release|Any CPU.Build.0 = Release|Any CPU
		{921D2D75-F8AA-4264-9E2B-737102ED5144}.Debug|Any CPU.ActiveCfg = Debug|Any CPU
		{921D2D75-F8AA-4264-9E2B-737102ED5144}.Debug|Any CPU.Build.0 = Debug|Any CPU
		{921D2D75-F8AA-4264-9E2B-737102ED5144}.Release|Any CPU.ActiveCfg = Release|Any CPU
		{921D2D75-F8AA-4264-9E2B-737102ED5144}.Release|Any CPU.Build.0 = Release|Any CPU
		{7D621E27-DD49-46DF-BBC2-B706B56E06BF}.Debug|Any CPU.ActiveCfg = Debug|Any CPU
		{7D621E27-DD49-46DF-BBC2-B706B56E06BF}.Debug|Any CPU.Build.0 = Debug|Any CPU
		{7D621E27-DD49-46DF-BBC2-B706B56E06BF}.Release|Any CPU.ActiveCfg = Release|Any CPU
		{7D621E27-DD49-46DF-BBC2-B706B56E06BF}.Release|Any CPU.Build.0 = Release|Any CPU
		{19374E98-C20C-4D66-ACF9-36FCDD996D1C}.Debug|Any CPU.ActiveCfg = Debug|Any CPU
		{19374E98-C20C-4D66-ACF9-36FCDD996D1C}.Debug|Any CPU.Build.0 = Debug|Any CPU
		{19374E98-C20C-4D66-ACF9-36FCDD996D1C}.Release|Any CPU.ActiveCfg = Release|Any CPU
		{19374E98-C20C-4D66-ACF9-36FCDD996D1C}.Release|Any CPU.Build.0 = Release|Any CPU
		{C20A0CF3-9233-41BA-AC72-049A5D8EEE9C}.Debug|Any CPU.ActiveCfg = Debug|Any CPU
		{C20A0CF3-9233-41BA-AC72-049A5D8EEE9C}.Debug|Any CPU.Build.0 = Debug|Any CPU
		{C20A0CF3-9233-41BA-AC72-049A5D8EEE9C}.Release|Any CPU.ActiveCfg = Release|Any CPU
		{C20A0CF3-9233-41BA-AC72-049A5D8EEE9C}.Release|Any CPU.Build.0 = Release|Any CPU
		{0BEA14CC-2308-45BB-8F70-186823BDA50C}.Debug|Any CPU.ActiveCfg = Debug|Any CPU
		{0BEA14CC-2308-45BB-8F70-186823BDA50C}.Debug|Any CPU.Build.0 = Debug|Any CPU
		{0BEA14CC-2308-45BB-8F70-186823BDA50C}.Release|Any CPU.ActiveCfg = Release|Any CPU
		{0BEA14CC-2308-45BB-8F70-186823BDA50C}.Release|Any CPU.Build.0 = Release|Any CPU
		{78423ABD-68A4-42C7-8DD8-6D6F587523EC}.Debug|Any CPU.ActiveCfg = Debug|Any CPU
		{78423ABD-68A4-42C7-8DD8-6D6F587523EC}.Debug|Any CPU.Build.0 = Debug|Any CPU
		{78423ABD-68A4-42C7-8DD8-6D6F587523EC}.Release|Any CPU.ActiveCfg = Release|Any CPU
		{78423ABD-68A4-42C7-8DD8-6D6F587523EC}.Release|Any CPU.Build.0 = Release|Any CPU
		{6CCA61C0-827F-4315-8239-416440F48870}.Debug|Any CPU.ActiveCfg = Debug|Any CPU
		{6CCA61C0-827F-4315-8239-416440F48870}.Debug|Any CPU.Build.0 = Debug|Any CPU
		{6CCA61C0-827F-4315-8239-416440F48870}.Release|Any CPU.ActiveCfg = Release|Any CPU
		{6CCA61C0-827F-4315-8239-416440F48870}.Release|Any CPU.Build.0 = Release|Any CPU
		{9BDA00B1-DC91-44C1-9513-8FAFC9757C4C}.Debug|Any CPU.ActiveCfg = Debug|Any CPU
		{9BDA00B1-DC91-44C1-9513-8FAFC9757C4C}.Debug|Any CPU.Build.0 = Debug|Any CPU
		{9BDA00B1-DC91-44C1-9513-8FAFC9757C4C}.Release|Any CPU.ActiveCfg = Release|Any CPU
		{9BDA00B1-DC91-44C1-9513-8FAFC9757C4C}.Release|Any CPU.Build.0 = Release|Any CPU
		{21183345-95D4-4F63-8BD7-A6D37E04A93C}.Debug|Any CPU.ActiveCfg = Debug|Any CPU
		{21183345-95D4-4F63-8BD7-A6D37E04A93C}.Debug|Any CPU.Build.0 = Debug|Any CPU
		{21183345-95D4-4F63-8BD7-A6D37E04A93C}.Release|Any CPU.ActiveCfg = Release|Any CPU
		{21183345-95D4-4F63-8BD7-A6D37E04A93C}.Release|Any CPU.Build.0 = Release|Any CPU
		{9DF03C65-5B25-47BB-9913-893D3E085537}.Debug|Any CPU.ActiveCfg = Debug|Any CPU
		{9DF03C65-5B25-47BB-9913-893D3E085537}.Debug|Any CPU.Build.0 = Debug|Any CPU
		{9DF03C65-5B25-47BB-9913-893D3E085537}.Release|Any CPU.ActiveCfg = Release|Any CPU
		{9DF03C65-5B25-47BB-9913-893D3E085537}.Release|Any CPU.Build.0 = Release|Any CPU
		{9AB2D386-065B-4862-A62C-968579BEEBF6}.Debug|Any CPU.ActiveCfg = Debug|Any CPU
		{9AB2D386-065B-4862-A62C-968579BEEBF6}.Debug|Any CPU.Build.0 = Debug|Any CPU
		{9AB2D386-065B-4862-A62C-968579BEEBF6}.Release|Any CPU.ActiveCfg = Release|Any CPU
		{9AB2D386-065B-4862-A62C-968579BEEBF6}.Release|Any CPU.Build.0 = Release|Any CPU
		{9949742F-9719-48C3-81EE-9299BED2716A}.Debug|Any CPU.ActiveCfg = Debug|Any CPU
		{9949742F-9719-48C3-81EE-9299BED2716A}.Debug|Any CPU.Build.0 = Debug|Any CPU
		{9949742F-9719-48C3-81EE-9299BED2716A}.Release|Any CPU.ActiveCfg = Release|Any CPU
		{9949742F-9719-48C3-81EE-9299BED2716A}.Release|Any CPU.Build.0 = Release|Any CPU
		{B49461A1-C4C0-4F26-9B0F-B109E22E74C4}.Debug|Any CPU.ActiveCfg = Debug|Any CPU
		{B49461A1-C4C0-4F26-9B0F-B109E22E74C4}.Debug|Any CPU.Build.0 = Debug|Any CPU
		{B49461A1-C4C0-4F26-9B0F-B109E22E74C4}.Release|Any CPU.ActiveCfg = Release|Any CPU
		{B49461A1-C4C0-4F26-9B0F-B109E22E74C4}.Release|Any CPU.Build.0 = Release|Any CPU
		{2C906093-0A8B-4EF9-8E37-8B575B739E75}.Debug|Any CPU.ActiveCfg = Debug|Any CPU
		{2C906093-0A8B-4EF9-8E37-8B575B739E75}.Debug|Any CPU.Build.0 = Debug|Any CPU
		{2C906093-0A8B-4EF9-8E37-8B575B739E75}.Release|Any CPU.ActiveCfg = Release|Any CPU
		{2C906093-0A8B-4EF9-8E37-8B575B739E75}.Release|Any CPU.Build.0 = Release|Any CPU
		{4C6A7A94-AC72-4802-87B8-9CA7BCC5CF10}.Debug|Any CPU.ActiveCfg = Debug|Any CPU
		{4C6A7A94-AC72-4802-87B8-9CA7BCC5CF10}.Debug|Any CPU.Build.0 = Debug|Any CPU
		{4C6A7A94-AC72-4802-87B8-9CA7BCC5CF10}.Release|Any CPU.ActiveCfg = Release|Any CPU
		{4C6A7A94-AC72-4802-87B8-9CA7BCC5CF10}.Release|Any CPU.Build.0 = Release|Any CPU
		{0FB1CF74-672D-41AC-AB49-B1867DFB409E}.Debug|Any CPU.ActiveCfg = Debug|Any CPU
		{0FB1CF74-672D-41AC-AB49-B1867DFB409E}.Debug|Any CPU.Build.0 = Debug|Any CPU
		{0FB1CF74-672D-41AC-AB49-B1867DFB409E}.Release|Any CPU.ActiveCfg = Release|Any CPU
		{0FB1CF74-672D-41AC-AB49-B1867DFB409E}.Release|Any CPU.Build.0 = Release|Any CPU
		{BB4ADE11-EDA2-4934-9111-D89255854EBC}.Debug|Any CPU.ActiveCfg = Debug|Any CPU
		{BB4ADE11-EDA2-4934-9111-D89255854EBC}.Debug|Any CPU.Build.0 = Debug|Any CPU
		{BB4ADE11-EDA2-4934-9111-D89255854EBC}.Release|Any CPU.ActiveCfg = Release|Any CPU
		{BB4ADE11-EDA2-4934-9111-D89255854EBC}.Release|Any CPU.Build.0 = Release|Any CPU
		{48E55444-F4B3-4CCC-BC26-25458E85C3FD}.Debug|Any CPU.ActiveCfg = Debug|Any CPU
		{48E55444-F4B3-4CCC-BC26-25458E85C3FD}.Debug|Any CPU.Build.0 = Debug|Any CPU
		{48E55444-F4B3-4CCC-BC26-25458E85C3FD}.Release|Any CPU.ActiveCfg = Release|Any CPU
		{48E55444-F4B3-4CCC-BC26-25458E85C3FD}.Release|Any CPU.Build.0 = Release|Any CPU
		{DE7C6CE1-146A-454D-B177-FD9058F4B20A}.Debug|Any CPU.ActiveCfg = Debug|Any CPU
		{DE7C6CE1-146A-454D-B177-FD9058F4B20A}.Debug|Any CPU.Build.0 = Debug|Any CPU
		{DE7C6CE1-146A-454D-B177-FD9058F4B20A}.Release|Any CPU.ActiveCfg = Release|Any CPU
		{DE7C6CE1-146A-454D-B177-FD9058F4B20A}.Release|Any CPU.Build.0 = Release|Any CPU
		{A42B5D24-ACBA-4A87-ACB1-14D8043F3477}.Debug|Any CPU.ActiveCfg = Debug|Any CPU
		{A42B5D24-ACBA-4A87-ACB1-14D8043F3477}.Debug|Any CPU.Build.0 = Debug|Any CPU
		{A42B5D24-ACBA-4A87-ACB1-14D8043F3477}.Release|Any CPU.ActiveCfg = Release|Any CPU
		{A42B5D24-ACBA-4A87-ACB1-14D8043F3477}.Release|Any CPU.Build.0 = Release|Any CPU
		{BFC1B436-9F66-4EBF-AE3B-530B836F682B}.Debug|Any CPU.ActiveCfg = Debug|Any CPU
		{BFC1B436-9F66-4EBF-AE3B-530B836F682B}.Debug|Any CPU.Build.0 = Debug|Any CPU
		{BFC1B436-9F66-4EBF-AE3B-530B836F682B}.Release|Any CPU.ActiveCfg = Debug|Any CPU
		{BFC1B436-9F66-4EBF-AE3B-530B836F682B}.Release|Any CPU.Build.0 = Debug|Any CPU
		{01D44409-4A36-45E5-93BE-9180C7C278F8}.Debug|Any CPU.ActiveCfg = Debug|Any CPU
		{01D44409-4A36-45E5-93BE-9180C7C278F8}.Debug|Any CPU.Build.0 = Debug|Any CPU
		{01D44409-4A36-45E5-93BE-9180C7C278F8}.Release|Any CPU.ActiveCfg = Release|Any CPU
		{01D44409-4A36-45E5-93BE-9180C7C278F8}.Release|Any CPU.Build.0 = Release|Any CPU
		{802B597E-60CF-4F9D-82EB-381B8659DABA}.Debug|Any CPU.ActiveCfg = Debug|Any CPU
		{802B597E-60CF-4F9D-82EB-381B8659DABA}.Debug|Any CPU.Build.0 = Debug|Any CPU
		{802B597E-60CF-4F9D-82EB-381B8659DABA}.Release|Any CPU.ActiveCfg = Release|Any CPU
		{802B597E-60CF-4F9D-82EB-381B8659DABA}.Release|Any CPU.Build.0 = Release|Any CPU
		{F28B1879-CF6E-40E7-A817-988D5EBAC0DE}.Debug|Any CPU.ActiveCfg = Debug|Any CPU
		{F28B1879-CF6E-40E7-A817-988D5EBAC0DE}.Debug|Any CPU.Build.0 = Debug|Any CPU
		{F28B1879-CF6E-40E7-A817-988D5EBAC0DE}.Release|Any CPU.ActiveCfg = Debug|Any CPU
		{F28B1879-CF6E-40E7-A817-988D5EBAC0DE}.Release|Any CPU.Build.0 = Debug|Any CPU
		{327144A1-9DED-4EAD-A323-C8E9507D8011}.Debug|Any CPU.ActiveCfg = Debug|Any CPU
		{327144A1-9DED-4EAD-A323-C8E9507D8011}.Debug|Any CPU.Build.0 = Debug|Any CPU
		{327144A1-9DED-4EAD-A323-C8E9507D8011}.Release|Any CPU.ActiveCfg = Release|Any CPU
		{327144A1-9DED-4EAD-A323-C8E9507D8011}.Release|Any CPU.Build.0 = Release|Any CPU
		{BE89B013-881A-41EC-939B-F607E8ABEBEE}.Debug|Any CPU.ActiveCfg = Debug|Any CPU
		{BE89B013-881A-41EC-939B-F607E8ABEBEE}.Debug|Any CPU.Build.0 = Debug|Any CPU
		{BE89B013-881A-41EC-939B-F607E8ABEBEE}.Release|Any CPU.ActiveCfg = Release|Any CPU
		{BE89B013-881A-41EC-939B-F607E8ABEBEE}.Release|Any CPU.Build.0 = Release|Any CPU
		{71B71250-DE2C-4A9A-96E9-2B6C58693168}.Debug|Any CPU.ActiveCfg = Debug|Any CPU
		{71B71250-DE2C-4A9A-96E9-2B6C58693168}.Debug|Any CPU.Build.0 = Debug|Any CPU
		{71B71250-DE2C-4A9A-96E9-2B6C58693168}.Release|Any CPU.ActiveCfg = Debug|Any CPU
		{71B71250-DE2C-4A9A-96E9-2B6C58693168}.Release|Any CPU.Build.0 = Debug|Any CPU
		{7FB78BA4-E3B9-436C-8F00-C4E243CA7FCA}.Debug|Any CPU.ActiveCfg = Debug|Any CPU
		{7FB78BA4-E3B9-436C-8F00-C4E243CA7FCA}.Debug|Any CPU.Build.0 = Debug|Any CPU
		{7FB78BA4-E3B9-436C-8F00-C4E243CA7FCA}.Release|Any CPU.ActiveCfg = Debug|Any CPU
		{7FB78BA4-E3B9-436C-8F00-C4E243CA7FCA}.Release|Any CPU.Build.0 = Debug|Any CPU
		{51F6C7F5-4A03-4659-AA70-E242C6A4ED03}.Debug|Any CPU.ActiveCfg = Debug|Any CPU
		{51F6C7F5-4A03-4659-AA70-E242C6A4ED03}.Debug|Any CPU.Build.0 = Debug|Any CPU
		{51F6C7F5-4A03-4659-AA70-E242C6A4ED03}.Release|Any CPU.ActiveCfg = Release|Any CPU
		{51F6C7F5-4A03-4659-AA70-E242C6A4ED03}.Release|Any CPU.Build.0 = Release|Any CPU
		{73CA2DB9-8616-4642-8B4F-8FCD090839EA}.Debug|Any CPU.ActiveCfg = Debug|Any CPU
		{73CA2DB9-8616-4642-8B4F-8FCD090839EA}.Debug|Any CPU.Build.0 = Debug|Any CPU
		{73CA2DB9-8616-4642-8B4F-8FCD090839EA}.Release|Any CPU.ActiveCfg = Release|Any CPU
		{73CA2DB9-8616-4642-8B4F-8FCD090839EA}.Release|Any CPU.Build.0 = Release|Any CPU
	EndGlobalSection
	GlobalSection(SolutionProperties) = preSolution
		HideSolutionNode = FALSE
	EndGlobalSection
	GlobalSection(NestedProjects) = preSolution
		{5F1754E6-DD6A-431E-B0E2-6AC0CB2EC7AB} = {CAD4C72A-B164-4D2F-8E28-AD645A4AFAA1}
		{C46428F7-8336-4CE2-94B0-196A9554680F} = {E81E7454-D6AB-497A-9554-1FFB5D175EC7}
		{21D1C542-15C2-4AEB-BA12-0CF5AC521F59} = {EBD01A29-67C5-43AB-A25C-3C8B562589F2}
		{B91A860D-23F5-4E92-B4A5-13BF4589CB66} = {C8E66BE5-17CA-4FCD-B875-131C8B9B024C}
		{92A4B277-B5EC-4776-BCE7-CFE126354FE9} = {750BBF62-991B-4960-B3C8-253F281B3EBB}
		{A9FB427A-00CF-46A4-87B4-4B57F8BCD292} = {EBD01A29-67C5-43AB-A25C-3C8B562589F2}
		{22DC4E9B-4436-48B8-87A0-24F95BFBB2BB} = {35F2FE43-7780-46B9-A76E-2B44F6417BCE}
		{045142CC-BBE8-44BD-89B2-26D303560B7E} = {B856179F-DD44-400C-8E1B-B9BAAC8252DA}
		{E2431C92-C9B6-4F7B-BEBD-ECACEC7D40A1} = {7912C69E-36C5-4077-9AF4-5E3A1B9B37E3}
		{E99D85D5-4A75-48C6-81F3-63F0925C6D53} = {524C05E5-BF80-4F78-B5C3-316C9B9D9BD9}
		{9F82A842-6E26-4D3D-B38F-2A52F33C2CD2} = {524C05E5-BF80-4F78-B5C3-316C9B9D9BD9}
		{7FE6B7B1-1EDB-4237-983B-E6743A48C9B8} = {92E7DDDF-E955-4C6A-9407-921B710EC0D7}
		{79390363-0A87-4792-803E-A00DBA5CA7F0} = {EBD01A29-67C5-43AB-A25C-3C8B562589F2}
		{DE5C38BE-9EC5-4FFC-8D64-AA301463EB3E} = {C8226B10-62EC-488F-8B3B-A16131258F46}
		{BA6EC7D8-3227-4C0E-9976-C6C62A0A43C7} = {9861530D-DC4F-4497-B314-9D4460E7877F}
		{2C27ED0A-12CB-43F6-AAB9-D15974AA125D} = {9861530D-DC4F-4497-B314-9D4460E7877F}
		{5261595D-8093-4D22-AADB-08A3244DF424} = {9861530D-DC4F-4497-B314-9D4460E7877F}
		{C70B2F46-EA7E-429E-B6C8-4F34C905283E} = {9861530D-DC4F-4497-B314-9D4460E7877F}
		{EA2F10AA-02B3-4CDE-BD85-0848DB4444B3} = {9861530D-DC4F-4497-B314-9D4460E7877F}
		{02E3C290-561F-4897-ACAC-A48D6B23A09E} = {9861530D-DC4F-4497-B314-9D4460E7877F}
		{94B0F788-784D-4E5F-8537-9CAF9D290999} = {93761896-8F0C-4BFF-BCC8-FDDF43E14DCA}
		{463A1F0A-2C9E-4A8E-8232-7A3F1BA407D1} = {9861530D-DC4F-4497-B314-9D4460E7877F}
		{87347221-1910-4CD2-843B-0928933D90F8} = {909DAAA0-3A7D-4FF0-BE0A-692A498B4441}
		{C9A57CF4-0B20-477F-A148-B6A9EAD3B89D} = {9861530D-DC4F-4497-B314-9D4460E7877F}
		{1B52638D-7AE1-4C8E-ADE8-7599848493D6} = {9861530D-DC4F-4497-B314-9D4460E7877F}
		{FC8FDFE5-A0A2-4B52-A5D3-C38B685F84B9} = {92E7DDDF-E955-4C6A-9407-921B710EC0D7}
		{588F8EB1-C49F-415D-B530-8A19D8191F3E} = {9861530D-DC4F-4497-B314-9D4460E7877F}
		{909DAAA0-3A7D-4FF0-BE0A-692A498B4441} = {8D880D03-2A11-4335-A661-2B87E80E2731}
		{37F72FEA-2439-477E-843C-8A15DE570EA4} = {909DAAA0-3A7D-4FF0-BE0A-692A498B4441}
		{1E3AE071-4172-4674-A3B4-1F58BB4158C5} = {9861530D-DC4F-4497-B314-9D4460E7877F}
		{47F16034-58C2-4BF9-A1DC-BC6C85A4E73A} = {7D9DA6D7-8534-49F8-9759-CCC29D1378B1}
		{621F4A25-90C0-48E6-B74B-E1ACB68E7C5A} = {9861530D-DC4F-4497-B314-9D4460E7877F}
		{D4FFF58D-A0C3-4783-848C-704FA0818206} = {7D9DA6D7-8534-49F8-9759-CCC29D1378B1}
		{DFF31E72-1EFA-4DAD-88A0-ACDFED1F8614} = {EBD01A29-67C5-43AB-A25C-3C8B562589F2}
		{921D2D75-F8AA-4264-9E2B-737102ED5144} = {9861530D-DC4F-4497-B314-9D4460E7877F}
		{7D621E27-DD49-46DF-BBC2-B706B56E06BF} = {CAD4C72A-B164-4D2F-8E28-AD645A4AFAA1}
		{19374E98-C20C-4D66-ACF9-36FCDD996D1C} = {92E7DDDF-E955-4C6A-9407-921B710EC0D7}
		{C20A0CF3-9233-41BA-AC72-049A5D8EEE9C} = {524C05E5-BF80-4F78-B5C3-316C9B9D9BD9}
		{0BEA14CC-2308-45BB-8F70-186823BDA50C} = {524C05E5-BF80-4F78-B5C3-316C9B9D9BD9}
		{78423ABD-68A4-42C7-8DD8-6D6F587523EC} = {524C05E5-BF80-4F78-B5C3-316C9B9D9BD9}
		{6CCA61C0-827F-4315-8239-416440F48870} = {9861530D-DC4F-4497-B314-9D4460E7877F}
		{9BDA00B1-DC91-44C1-9513-8FAFC9757C4C} = {8D880D03-2A11-4335-A661-2B87E80E2731}
		{F3A6B749-E8F6-474B-B9F6-8D072218B9C3} = {9861530D-DC4F-4497-B314-9D4460E7877F}
		{21183345-95D4-4F63-8BD7-A6D37E04A93C} = {F3A6B749-E8F6-474B-B9F6-8D072218B9C3}
		{9DF03C65-5B25-47BB-9913-893D3E085537} = {1D75C2B4-C648-4F21-9E71-C15F71FDB45C}
		{38578471-A4EB-415B-8B5F-B049F030E31D} = {9861530D-DC4F-4497-B314-9D4460E7877F}
		{9AB2D386-065B-4862-A62C-968579BEEBF6} = {38578471-A4EB-415B-8B5F-B049F030E31D}
		{9949742F-9719-48C3-81EE-9299BED2716A} = {9861530D-DC4F-4497-B314-9D4460E7877F}
		{B49461A1-C4C0-4F26-9B0F-B109E22E74C4} = {9E47D33B-49B6-4EC0-A79B-A31F0F6295B6}
		{2C906093-0A8B-4EF9-8E37-8B575B739E75} = {9E47D33B-49B6-4EC0-A79B-A31F0F6295B6}
		{4C6A7A94-AC72-4802-87B8-9CA7BCC5CF10} = {AACDF155-BD4A-4D39-878A-3D6F53501284}
		{0FB1CF74-672D-41AC-AB49-B1867DFB409E} = {524C05E5-BF80-4F78-B5C3-316C9B9D9BD9}
		{BB4ADE11-EDA2-4934-9111-D89255854EBC} = {614620FF-98F3-4617-BDE8-B1EAC1152C87}
		{48E55444-F4B3-4CCC-BC26-25458E85C3FD} = {39D946A9-2A40-4B57-88A6-8A6D4B903966}
		{39D946A9-2A40-4B57-88A6-8A6D4B903966} = {9861530D-DC4F-4497-B314-9D4460E7877F}
		{DE7C6CE1-146A-454D-B177-FD9058F4B20A} = {7D9DA6D7-8534-49F8-9759-CCC29D1378B1}
		{A42B5D24-ACBA-4A87-ACB1-14D8043F3477} = {2B0F236E-6B0F-45C1-81F4-5F7E583EBD70}
		{BFC1B436-9F66-4EBF-AE3B-530B836F682B} = {2B0F236E-6B0F-45C1-81F4-5F7E583EBD70}
		{01D44409-4A36-45E5-93BE-9180C7C278F8} = {FBE98B8A-B43E-4BA8-A717-3FF945E579D4}
		{802B597E-60CF-4F9D-82EB-381B8659DABA} = {FBE98B8A-B43E-4BA8-A717-3FF945E579D4}
		{F28B1879-CF6E-40E7-A817-988D5EBAC0DE} = {2B0F236E-6B0F-45C1-81F4-5F7E583EBD70}
		{327144A1-9DED-4EAD-A323-C8E9507D8011} = {51758005-EE78-483E-89F8-FEE4B4B878A3}
		{51758005-EE78-483E-89F8-FEE4B4B878A3} = {2B0F236E-6B0F-45C1-81F4-5F7E583EBD70}
		{BE89B013-881A-41EC-939B-F607E8ABEBEE} = {51758005-EE78-483E-89F8-FEE4B4B878A3}
		{71B71250-DE2C-4A9A-96E9-2B6C58693168} = {2B0F236E-6B0F-45C1-81F4-5F7E583EBD70}
		{7FB78BA4-E3B9-436C-8F00-C4E243CA7FCA} = {2B0F236E-6B0F-45C1-81F4-5F7E583EBD70}
		{51F6C7F5-4A03-4659-AA70-E242C6A4ED03} = {524C05E5-BF80-4F78-B5C3-316C9B9D9BD9}
		{73CA2DB9-8616-4642-8B4F-8FCD090839EA} = {7D9DA6D7-8534-49F8-9759-CCC29D1378B1}
	EndGlobalSection
	GlobalSection(ExtensibilityGlobals) = postSolution
		SolutionGuid = {376F199A-E5EF-4E50-BDBD-F4DFC67CEC15}
	EndGlobalSection
EndGlobal
