{
  "name": "HotKeyJs",
  "lockfileVersion": 2,
  "requires": true,
  "packages": {
    "": {
      "dependencies": {
        "hotkeys-js": "^3.10.1"
      }
    },
    "node_modules/hotkeys-js": {
      "version": "3.10.1",
      "resolved": "https://registry.npmjs.org/hotkeys-js/-/hotkeys-js-3.10.1.tgz",
      "integrity": "sha512-mshqjgTqx8ee0qryHvRgZaZDxTwxam/2yTQmQlqAWS3+twnq1jsY9Yng9zB7lWq6WRrjTbTOc7knNwccXQiAjQ=="
    }
  },
  "dependencies": {
    "hotkeys-js": {
      "version": "3.10.1",
      "resolved": "https://registry.npmjs.org/hotkeys-js/-/hotkeys-js-3.10.1.tgz",
      "integrity": "sha512-mshqjgTqx8ee0qryHvRgZaZDxTwxam/2yTQmQlqAWS3+twnq1jsY9Yng9zB7lWq6WRrjTbTOc7knNwccXQiAjQ=="
    }
  }
}
