{
  "name": "SweetAlertExamples",
  "lockfileVersion": 2,
  "requires": true,
  "packages": {
    "": {
      "dependencies": {
        "@sweetalert2/theme-bootstrap-4": "^5.0.15",
        "sweetalert2": "^11.7.2"
      }
    },
    "node_modules/@sweetalert2/theme-bootstrap-4": {
      "version": "5.0.15",
      "resolved": "https://registry.npmjs.org/@sweetalert2/theme-bootstrap-4/-/theme-bootstrap-4-5.0.15.tgz",
      "integrity": "sha512-WsGXk67Yz3Txe3lJA4FNqQCKbQQ6yJLpVUknyGcoESVvwHm+UBBlIMHAcKuLvF+WXK9Rbq8gXhpDIU8ISoiPlQ=="
    },
    "node_modules/sweetalert2": {
      "version": "11.7.2",
      "resolved": "https://registry.npmjs.org/sweetalert2/-/sweetalert2-11.7.2.tgz",
      "integrity": "sha512-atPjDa3fv/4xwZpiAt7FZUgAhR5VAASiLP2hu7HUeVDXx+v4/9nD1W0u8xal1e9f2/qGh0DwTxPXPV9XoZIBvg==",
      "funding": {
        "type": "individual",
        "url": "https://github.com/sponsors/limonte"
      }
    }
  },
  "dependencies": {
    "@sweetalert2/theme-bootstrap-4": {
      "version": "5.0.15",
      "resolved": "https://registry.npmjs.org/@sweetalert2/theme-bootstrap-4/-/theme-bootstrap-4-5.0.15.tgz",
      "integrity": "sha512-WsGXk67Yz3Txe3lJA4FNqQCKbQQ6yJLpVUknyGcoESVvwHm+UBBlIMHAcKuLvF+WXK9Rbq8gXhpDIU8ISoiPlQ=="
    },
    "sweetalert2": {
      "version": "11.7.2",
      "resolved": "https://registry.npmjs.org/sweetalert2/-/sweetalert2-11.7.2.tgz",
      "integrity": "sha512-atPjDa3fv/4xwZpiAt7FZUgAhR5VAASiLP2hu7HUeVDXx+v4/9nD1W0u8xal1e9f2/qGh0DwTxPXPV9XoZIBvg=="
    }
  }
}
